// !$*UTF8*$!
{
	archiveVersion = 1;
	classes = {
	};
	objectVersion = 46;
	objects = {

/* Begin PBXBuildFile section */
		4732A7051D08A18700877738 /* CellLabelsUIView.swift in Sources */ = {isa = PBXBuildFile; fileRef = 4732A7041D08A18700877738 /* CellLabelsUIView.swift */; };
		4732A7071D08A57B00877738 /* UserListTableViewController.swift in Sources */ = {isa = PBXBuildFile; fileRef = 4732A7061D08A57B00877738 /* UserListTableViewController.swift */; };
		473FDC801D0715DD00F1788F /* GCDBlackBox.swift in Sources */ = {isa = PBXBuildFile; fileRef = 473FDC7F1D0715DD00F1788F /* GCDBlackBox.swift */; };
		473FDC821D07688200F1788F /* ParseAPIManager.swift in Sources */ = {isa = PBXBuildFile; fileRef = 473FDC811D07688200F1788F /* ParseAPIManager.swift */; };
		478259611D147F2F00BAA816 /* PersonalStudentInfo.swift in Sources */ = {isa = PBXBuildFile; fileRef = 478259601D147F2F00BAA816 /* PersonalStudentInfo.swift */; };
		478259671D1710F500BAA816 /* Variables.swift in Sources */ = {isa = PBXBuildFile; fileRef = 478259661D1710F500BAA816 /* Variables.swift */; };
		478259691D17199000BAA816 /* SubmitLocationExtension.swift in Sources */ = {isa = PBXBuildFile; fileRef = 478259681D17199000BAA816 /* SubmitLocationExtension.swift */; };
		47F0830F1D120A6B009AA49E /* AlertViewController.swift in Sources */ = {isa = PBXBuildFile; fileRef = 47F0830E1D120A6B009AA49E /* AlertViewController.swift */; };
		47F9C6511D0B447F0035C871 /* SubmitLocationViewController.swift in Sources */ = {isa = PBXBuildFile; fileRef = 47F9C6501D0B447F0035C871 /* SubmitLocationViewController.swift */; };
		D80FA22C1D17C29900FE8FB8 /* StudentInformation.swift in Sources */ = {isa = PBXBuildFile; fileRef = D80FA22B1D17C29900FE8FB8 /* StudentInformation.swift */; };
		D841BBA61D02B71600CA7894 /* AppDelegate.swift in Sources */ = {isa = PBXBuildFile; fileRef = D841BBA51D02B71600CA7894 /* AppDelegate.swift */; };
		D841BBA81D02B71600CA7894 /* MainViewController.swift in Sources */ = {isa = PBXBuildFile; fileRef = D841BBA71D02B71600CA7894 /* MainViewController.swift */; };
		D841BBAB1D02B71600CA7894 /* Main.storyboard in Resources */ = {isa = PBXBuildFile; fileRef = D841BBA91D02B71600CA7894 /* Main.storyboard */; };
		D841BBAD1D02B71600CA7894 /* Assets.xcassets in Resources */ = {isa = PBXBuildFile; fileRef = D841BBAC1D02B71600CA7894 /* Assets.xcassets */; };
		D841BBB01D02B71600CA7894 /* LaunchScreen.storyboard in Resources */ = {isa = PBXBuildFile; fileRef = D841BBAE1D02B71600CA7894 /* LaunchScreen.storyboard */; };
		D841BBBB1D02B71600CA7894 /* OnTheMapTests.swift in Sources */ = {isa = PBXBuildFile; fileRef = D841BBBA1D02B71600CA7894 /* OnTheMapTests.swift */; };
		D841BBC61D02B71600CA7894 /* OnTheMapUITests.swift in Sources */ = {isa = PBXBuildFile; fileRef = D841BBC51D02B71600CA7894 /* OnTheMapUITests.swift */; };
		D841BBD41D02B86100CA7894 /* Login.storyboard in Resources */ = {isa = PBXBuildFile; fileRef = D841BBD31D02B86100CA7894 /* Login.storyboard */; };
		D841BBDA1D02B90B00CA7894 /* LoginViewController.swift in Sources */ = {isa = PBXBuildFile; fileRef = D841BBD91D02B90B00CA7894 /* LoginViewController.swift */; };
		D841BBDD1D02CDF800CA7894 /* LoginExtension.swift in Sources */ = {isa = PBXBuildFile; fileRef = D841BBDC1D02CDF800CA7894 /* LoginExtension.swift */; };
		D841BBDF1D05739400CA7894 /* UdacityAPIManager.swift in Sources */ = {isa = PBXBuildFile; fileRef = D841BBDE1D05739400CA7894 /* UdacityAPIManager.swift */; };
		D841BBE11D06926D00CA7894 /* Constants.swift in Sources */ = {isa = PBXBuildFile; fileRef = D841BBE01D06926D00CA7894 /* Constants.swift */; };
		D8C5B0651D093997000814AE /* UserLocation.storyboard in Resources */ = {isa = PBXBuildFile; fileRef = D8C5B0641D093997000814AE /* UserLocation.storyboard */; };
		D8C5B0671D09451A000814AE /* UserLocationViewController.swift in Sources */ = {isa = PBXBuildFile; fileRef = D8C5B0661D09451A000814AE /* UserLocationViewController.swift */; };
/* End PBXBuildFile section */

/* Begin PBXContainerItemProxy section */
		D841BBB71D02B71600CA7894 /* PBXContainerItemProxy */ = {
			isa = PBXContainerItemProxy;
			containerPortal = D841BB9A1D02B71600CA7894 /* Project object */;
			proxyType = 1;
			remoteGlobalIDString = D841BBA11D02B71600CA7894;
			remoteInfo = OnTheMap;
		};
		D841BBC21D02B71600CA7894 /* PBXContainerItemProxy */ = {
			isa = PBXContainerItemProxy;
			containerPortal = D841BB9A1D02B71600CA7894 /* Project object */;
			proxyType = 1;
			remoteGlobalIDString = D841BBA11D02B71600CA7894;
			remoteInfo = OnTheMap;
		};
/* End PBXContainerItemProxy section */

/* Begin PBXFileReference section */
		4732A7041D08A18700877738 /* CellLabelsUIView.swift */ = {isa = PBXFileReference; fileEncoding = 4; lastKnownFileType = sourcecode.swift; path = CellLabelsUIView.swift; sourceTree = "<group>"; };
		4732A7061D08A57B00877738 /* UserListTableViewController.swift */ = {isa = PBXFileReference; fileEncoding = 4; lastKnownFileType = sourcecode.swift; path = UserListTableViewController.swift; sourceTree = "<group>"; };
		473FDC7F1D0715DD00F1788F /* GCDBlackBox.swift */ = {isa = PBXFileReference; fileEncoding = 4; lastKnownFileType = sourcecode.swift; path = GCDBlackBox.swift; sourceTree = "<group>"; };
		473FDC811D07688200F1788F /* ParseAPIManager.swift */ = {isa = PBXFileReference; fileEncoding = 4; lastKnownFileType = sourcecode.swift; path = ParseAPIManager.swift; sourceTree = "<group>"; };
		478259601D147F2F00BAA816 /* PersonalStudentInfo.swift */ = {isa = PBXFileReference; fileEncoding = 4; lastKnownFileType = sourcecode.swift; path = PersonalStudentInfo.swift; sourceTree = "<group>"; };
		478259661D1710F500BAA816 /* Variables.swift */ = {isa = PBXFileReference; fileEncoding = 4; lastKnownFileType = sourcecode.swift; path = Variables.swift; sourceTree = "<group>"; };
		478259681D17199000BAA816 /* SubmitLocationExtension.swift */ = {isa = PBXFileReference; fileEncoding = 4; lastKnownFileType = sourcecode.swift; path = SubmitLocationExtension.swift; sourceTree = "<group>"; };
		47F0830E1D120A6B009AA49E /* AlertViewController.swift */ = {isa = PBXFileReference; fileEncoding = 4; lastKnownFileType = sourcecode.swift; path = AlertViewController.swift; sourceTree = "<group>"; };
		47F9C6501D0B447F0035C871 /* SubmitLocationViewController.swift */ = {isa = PBXFileReference; fileEncoding = 4; lastKnownFileType = sourcecode.swift; path = SubmitLocationViewController.swift; sourceTree = "<group>"; };
		D80FA22B1D17C29900FE8FB8 /* StudentInformation.swift */ = {isa = PBXFileReference; fileEncoding = 4; lastKnownFileType = sourcecode.swift; path = StudentInformation.swift; sourceTree = "<group>"; };
		D841BBA21D02B71600CA7894 /* OnTheMap.app */ = {isa = PBXFileReference; explicitFileType = wrapper.application; includeInIndex = 0; path = OnTheMap.app; sourceTree = BUILT_PRODUCTS_DIR; };
		D841BBA51D02B71600CA7894 /* AppDelegate.swift */ = {isa = PBXFileReference; lastKnownFileType = sourcecode.swift; path = AppDelegate.swift; sourceTree = "<group>"; };
		D841BBA71D02B71600CA7894 /* MainViewController.swift */ = {isa = PBXFileReference; lastKnownFileType = sourcecode.swift; path = MainViewController.swift; sourceTree = "<group>"; };
		D841BBAA1D02B71600CA7894 /* Base */ = {isa = PBXFileReference; lastKnownFileType = file.storyboard; name = Base; path = Base.lproj/Main.storyboard; sourceTree = "<group>"; };
		D841BBAC1D02B71600CA7894 /* Assets.xcassets */ = {isa = PBXFileReference; lastKnownFileType = folder.assetcatalog; path = Assets.xcassets; sourceTree = "<group>"; };
		D841BBAF1D02B71600CA7894 /* Base */ = {isa = PBXFileReference; lastKnownFileType = file.storyboard; name = Base; path = Base.lproj/LaunchScreen.storyboard; sourceTree = "<group>"; };
		D841BBB11D02B71600CA7894 /* Info.plist */ = {isa = PBXFileReference; lastKnownFileType = text.plist.xml; path = Info.plist; sourceTree = "<group>"; };
		D841BBB61D02B71600CA7894 /* OnTheMapTests.xctest */ = {isa = PBXFileReference; explicitFileType = wrapper.cfbundle; includeInIndex = 0; path = OnTheMapTests.xctest; sourceTree = BUILT_PRODUCTS_DIR; };
		D841BBBA1D02B71600CA7894 /* OnTheMapTests.swift */ = {isa = PBXFileReference; lastKnownFileType = sourcecode.swift; path = OnTheMapTests.swift; sourceTree = "<group>"; };
		D841BBBC1D02B71600CA7894 /* Info.plist */ = {isa = PBXFileReference; lastKnownFileType = text.plist.xml; path = Info.plist; sourceTree = "<group>"; };
		D841BBC11D02B71600CA7894 /* OnTheMapUITests.xctest */ = {isa = PBXFileReference; explicitFileType = wrapper.cfbundle; includeInIndex = 0; path = OnTheMapUITests.xctest; sourceTree = BUILT_PRODUCTS_DIR; };
		D841BBC51D02B71600CA7894 /* OnTheMapUITests.swift */ = {isa = PBXFileReference; lastKnownFileType = sourcecode.swift; path = OnTheMapUITests.swift; sourceTree = "<group>"; };
		D841BBC71D02B71600CA7894 /* Info.plist */ = {isa = PBXFileReference; lastKnownFileType = text.plist.xml; path = Info.plist; sourceTree = "<group>"; };
		D841BBD31D02B86100CA7894 /* Login.storyboard */ = {isa = PBXFileReference; fileEncoding = 4; lastKnownFileType = file.storyboard; path = Login.storyboard; sourceTree = "<group>"; };
		D841BBD91D02B90B00CA7894 /* LoginViewController.swift */ = {isa = PBXFileReference; fileEncoding = 4; lastKnownFileType = sourcecode.swift; path = LoginViewController.swift; sourceTree = "<group>"; };
		D841BBDC1D02CDF800CA7894 /* LoginExtension.swift */ = {isa = PBXFileReference; fileEncoding = 4; lastKnownFileType = sourcecode.swift; path = LoginExtension.swift; sourceTree = "<group>"; };
		D841BBDE1D05739400CA7894 /* UdacityAPIManager.swift */ = {isa = PBXFileReference; fileEncoding = 4; lastKnownFileType = sourcecode.swift; path = UdacityAPIManager.swift; sourceTree = "<group>"; };
		D841BBE01D06926D00CA7894 /* Constants.swift */ = {isa = PBXFileReference; fileEncoding = 4; lastKnownFileType = sourcecode.swift; path = Constants.swift; sourceTree = "<group>"; };
		D8C5B0641D093997000814AE /* UserLocation.storyboard */ = {isa = PBXFileReference; fileEncoding = 4; lastKnownFileType = file.storyboard; path = UserLocation.storyboard; sourceTree = "<group>"; };
		D8C5B0661D09451A000814AE /* UserLocationViewController.swift */ = {isa = PBXFileReference; fileEncoding = 4; lastKnownFileType = sourcecode.swift; path = UserLocationViewController.swift; sourceTree = "<group>"; };
/* End PBXFileReference section */

/* Begin PBXFrameworksBuildPhase section */
		D841BB9F1D02B71600CA7894 /* Frameworks */ = {
			isa = PBXFrameworksBuildPhase;
			buildActionMask = 2147483647;
			files = (
			);
			runOnlyForDeploymentPostprocessing = 0;
		};
		D841BBB31D02B71600CA7894 /* Frameworks */ = {
			isa = PBXFrameworksBuildPhase;
			buildActionMask = 2147483647;
			files = (
			);
			runOnlyForDeploymentPostprocessing = 0;
		};
		D841BBBE1D02B71600CA7894 /* Frameworks */ = {
			isa = PBXFrameworksBuildPhase;
			buildActionMask = 2147483647;
			files = (
			);
			runOnlyForDeploymentPostprocessing = 0;
		};
/* End PBXFrameworksBuildPhase section */

/* Begin PBXGroup section */
		47F5F1CA1D08A06200E4291C /* Sub Classes */ = {
			isa = PBXGroup;
			children = (
				4732A7041D08A18700877738 /* CellLabelsUIView.swift */,
			);
			name = "Sub Classes";
			sourceTree = "<group>";
		};
		D841BB991D02B71600CA7894 = {
			isa = PBXGroup;
			children = (
				D841BBA41D02B71600CA7894 /* OnTheMap */,
				D841BBB91D02B71600CA7894 /* OnTheMapTests */,
				D841BBC41D02B71600CA7894 /* OnTheMapUITests */,
				D841BBA31D02B71600CA7894 /* Products */,
			);
			sourceTree = "<group>";
		};
		D841BBA31D02B71600CA7894 /* Products */ = {
			isa = PBXGroup;
			children = (
				D841BBA21D02B71600CA7894 /* OnTheMap.app */,
				D841BBB61D02B71600CA7894 /* OnTheMapTests.xctest */,
				D841BBC11D02B71600CA7894 /* OnTheMapUITests.xctest */,
			);
			name = Products;
			sourceTree = "<group>";
		};
		D841BBA41D02B71600CA7894 /* OnTheMap */ = {
			isa = PBXGroup;
			children = (
				47F5F1CA1D08A06200E4291C /* Sub Classes */,
				D841BBDB1D02CDDB00CA7894 /* Extensions */,
				D841BBD61D02B88B00CA7894 /* Model */,
				D841BBD51D02B86B00CA7894 /* View */,
				D841BBD71D02B89400CA7894 /* Controller */,
				D841BBD81D02B89D00CA7894 /* Support */,
			);
			path = OnTheMap;
			sourceTree = "<group>";
		};
		D841BBB91D02B71600CA7894 /* OnTheMapTests */ = {
			isa = PBXGroup;
			children = (
				D841BBBA1D02B71600CA7894 /* OnTheMapTests.swift */,
				D841BBBC1D02B71600CA7894 /* Info.plist */,
			);
			path = OnTheMapTests;
			sourceTree = "<group>";
		};
		D841BBC41D02B71600CA7894 /* OnTheMapUITests */ = {
			isa = PBXGroup;
			children = (
				D841BBC51D02B71600CA7894 /* OnTheMapUITests.swift */,
				D841BBC71D02B71600CA7894 /* Info.plist */,
			);
			path = OnTheMapUITests;
			sourceTree = "<group>";
		};
		D841BBD51D02B86B00CA7894 /* View */ = {
			isa = PBXGroup;
			children = (
				D841BBD31D02B86100CA7894 /* Login.storyboard */,
				D841BBA91D02B71600CA7894 /* Main.storyboard */,
				D8C5B0641D093997000814AE /* UserLocation.storyboard */,
			);
			name = View;
			sourceTree = "<group>";
		};
		D841BBD61D02B88B00CA7894 /* Model */ = {
			isa = PBXGroup;
			children = (
				D841BBDE1D05739400CA7894 /* UdacityAPIManager.swift */,
				473FDC811D07688200F1788F /* ParseAPIManager.swift */,
				D841BBE01D06926D00CA7894 /* Constants.swift */,
				478259601D147F2F00BAA816 /* PersonalStudentInfo.swift */,
				D80FA22B1D17C29900FE8FB8 /* StudentInformation.swift */,
				478259661D1710F500BAA816 /* Variables.swift */,
			);
			name = Model;
			sourceTree = "<group>";
		};
		D841BBD71D02B89400CA7894 /* Controller */ = {
			isa = PBXGroup;
			children = (
				D841BBD91D02B90B00CA7894 /* LoginViewController.swift */,
				D841BBA71D02B71600CA7894 /* MainViewController.swift */,
				4732A7061D08A57B00877738 /* UserListTableViewController.swift */,
				D8C5B0661D09451A000814AE /* UserLocationViewController.swift */,
				47F9C6501D0B447F0035C871 /* SubmitLocationViewController.swift */,
				47F0830E1D120A6B009AA49E /* AlertViewController.swift */,
			);
			name = Controller;
			sourceTree = "<group>";
		};
		D841BBD81D02B89D00CA7894 /* Support */ = {
			isa = PBXGroup;
			children = (
				473FDC7F1D0715DD00F1788F /* GCDBlackBox.swift */,
				D841BBAC1D02B71600CA7894 /* Assets.xcassets */,
				D841BBAE1D02B71600CA7894 /* LaunchScreen.storyboard */,
				D841BBA51D02B71600CA7894 /* AppDelegate.swift */,
				D841BBB11D02B71600CA7894 /* Info.plist */,
			);
			name = Support;
			sourceTree = "<group>";
		};
		D841BBDB1D02CDDB00CA7894 /* Extensions */ = {
			isa = PBXGroup;
			children = (
				D841BBDC1D02CDF800CA7894 /* LoginExtension.swift */,
				478259681D17199000BAA816 /* SubmitLocationExtension.swift */,
			);
			name = Extensions;
			sourceTree = "<group>";
		};
/* End PBXGroup section */

/* Begin PBXNativeTarget section */
		D841BBA11D02B71600CA7894 /* OnTheMap */ = {
			isa = PBXNativeTarget;
			buildConfigurationList = D841BBCA1D02B71600CA7894 /* Build configuration list for PBXNativeTarget "OnTheMap" */;
			buildPhases = (
				D841BB9E1D02B71600CA7894 /* Sources */,
				D841BB9F1D02B71600CA7894 /* Frameworks */,
				D841BBA01D02B71600CA7894 /* Resources */,
			);
			buildRules = (
			);
			dependencies = (
			);
			name = OnTheMap;
			productName = OnTheMap;
			productReference = D841BBA21D02B71600CA7894 /* OnTheMap.app */;
			productType = "com.apple.product-type.application";
		};
		D841BBB51D02B71600CA7894 /* OnTheMapTests */ = {
			isa = PBXNativeTarget;
			buildConfigurationList = D841BBCD1D02B71600CA7894 /* Build configuration list for PBXNativeTarget "OnTheMapTests" */;
			buildPhases = (
				D841BBB21D02B71600CA7894 /* Sources */,
				D841BBB31D02B71600CA7894 /* Frameworks */,
				D841BBB41D02B71600CA7894 /* Resources */,
			);
			buildRules = (
			);
			dependencies = (
				D841BBB81D02B71600CA7894 /* PBXTargetDependency */,
			);
			name = OnTheMapTests;
			productName = OnTheMapTests;
			productReference = D841BBB61D02B71600CA7894 /* OnTheMapTests.xctest */;
			productType = "com.apple.product-type.bundle.unit-test";
		};
		D841BBC01D02B71600CA7894 /* OnTheMapUITests */ = {
			isa = PBXNativeTarget;
			buildConfigurationList = D841BBD01D02B71600CA7894 /* Build configuration list for PBXNativeTarget "OnTheMapUITests" */;
			buildPhases = (
				D841BBBD1D02B71600CA7894 /* Sources */,
				D841BBBE1D02B71600CA7894 /* Frameworks */,
				D841BBBF1D02B71600CA7894 /* Resources */,
			);
			buildRules = (
			);
			dependencies = (
				D841BBC31D02B71600CA7894 /* PBXTargetDependency */,
			);
			name = OnTheMapUITests;
			productName = OnTheMapUITests;
			productReference = D841BBC11D02B71600CA7894 /* OnTheMapUITests.xctest */;
			productType = "com.apple.product-type.bundle.ui-testing";
		};
/* End PBXNativeTarget section */

/* Begin PBXProject section */
		D841BB9A1D02B71600CA7894 /* Project object */ = {
			isa = PBXProject;
			attributes = {
				LastSwiftUpdateCheck = 0730;
				LastUpgradeCheck = 0730;
				ORGANIZATIONNAME = TouchTapApp;
				TargetAttributes = {
					D841BBA11D02B71600CA7894 = {
						CreatedOnToolsVersion = 7.3.1;
						DevelopmentTeam = L5YJU4WM22;
					};
					D841BBB51D02B71600CA7894 = {
						CreatedOnToolsVersion = 7.3.1;
						TestTargetID = D841BBA11D02B71600CA7894;
					};
					D841BBC01D02B71600CA7894 = {
						CreatedOnToolsVersion = 7.3.1;
						TestTargetID = D841BBA11D02B71600CA7894;
					};
				};
			};
			buildConfigurationList = D841BB9D1D02B71600CA7894 /* Build configuration list for PBXProject "OnTheMap" */;
			compatibilityVersion = "Xcode 3.2";
			developmentRegion = English;
			hasScannedForEncodings = 0;
			knownRegions = (
				en,
				Base,
			);
			mainGroup = D841BB991D02B71600CA7894;
			productRefGroup = D841BBA31D02B71600CA7894 /* Products */;
			projectDirPath = "";
			projectRoot = "";
			targets = (
				D841BBA11D02B71600CA7894 /* OnTheMap */,
				D841BBB51D02B71600CA7894 /* OnTheMapTests */,
				D841BBC01D02B71600CA7894 /* OnTheMapUITests */,
			);
		};
/* End PBXProject section */

/* Begin PBXResourcesBuildPhase section */
		D841BBA01D02B71600CA7894 /* Resources */ = {
			isa = PBXResourcesBuildPhase;
			buildActionMask = 2147483647;
			files = (
				D841BBD41D02B86100CA7894 /* Login.storyboard in Resources */,
				D841BBB01D02B71600CA7894 /* LaunchScreen.storyboard in Resources */,
				D8C5B0651D093997000814AE /* UserLocation.storyboard in Resources */,
				D841BBAD1D02B71600CA7894 /* Assets.xcassets in Resources */,
				D841BBAB1D02B71600CA7894 /* Main.storyboard in Resources */,
			);
			runOnlyForDeploymentPostprocessing = 0;
		};
		D841BBB41D02B71600CA7894 /* Resources */ = {
			isa = PBXResourcesBuildPhase;
			buildActionMask = 2147483647;
			files = (
			);
			runOnlyForDeploymentPostprocessing = 0;
		};
		D841BBBF1D02B71600CA7894 /* Resources */ = {
			isa = PBXResourcesBuildPhase;
			buildActionMask = 2147483647;
			files = (
			);
			runOnlyForDeploymentPostprocessing = 0;
		};
/* End PBXResourcesBuildPhase section */

/* Begin PBXSourcesBuildPhase section */
		D841BB9E1D02B71600CA7894 /* Sources */ = {
			isa = PBXSourcesBuildPhase;
			buildActionMask = 2147483647;
			files = (
				473FDC821D07688200F1788F /* ParseAPIManager.swift in Sources */,
				47F9C6511D0B447F0035C871 /* SubmitLocationViewController.swift in Sources */,
				478259691D17199000BAA816 /* SubmitLocationExtension.swift in Sources */,
				D841BBDA1D02B90B00CA7894 /* LoginViewController.swift in Sources */,
				D8C5B0671D09451A000814AE /* UserLocationViewController.swift in Sources */,
				4732A7071D08A57B00877738 /* UserListTableViewController.swift in Sources */,
				D841BBDD1D02CDF800CA7894 /* LoginExtension.swift in Sources */,
				D841BBDF1D05739400CA7894 /* UdacityAPIManager.swift in Sources */,
				478259611D147F2F00BAA816 /* PersonalStudentInfo.swift in Sources */,
				D841BBA81D02B71600CA7894 /* MainViewController.swift in Sources */,
				478259671D1710F500BAA816 /* Variables.swift in Sources */,
				D841BBA61D02B71600CA7894 /* AppDelegate.swift in Sources */,
				4732A7051D08A18700877738 /* CellLabelsUIView.swift in Sources */,
				D841BBE11D06926D00CA7894 /* Constants.swift in Sources */,
				47F0830F1D120A6B009AA49E /* AlertViewController.swift in Sources */,
				D80FA22C1D17C29900FE8FB8 /* StudentInformation.swift in Sources */,
				473FDC801D0715DD00F1788F /* GCDBlackBox.swift in Sources */,
			);
			runOnlyForDeploymentPostprocessing = 0;
		};
		D841BBB21D02B71600CA7894 /* Sources */ = {
			isa = PBXSourcesBuildPhase;
			buildActionMask = 2147483647;
			files = (
				D841BBBB1D02B71600CA7894 /* OnTheMapTests.swift in Sources */,
			);
			runOnlyForDeploymentPostprocessing = 0;
		};
		D841BBBD1D02B71600CA7894 /* Sources */ = {
			isa = PBXSourcesBuildPhase;
			buildActionMask = 2147483647;
			files = (
				D841BBC61D02B71600CA7894 /* OnTheMapUITests.swift in Sources */,
			);
			runOnlyForDeploymentPostprocessing = 0;
		};
/* End PBXSourcesBuildPhase section */

/* Begin PBXTargetDependency section */
		D841BBB81D02B71600CA7894 /* PBXTargetDependency */ = {
			isa = PBXTargetDependency;
			target = D841BBA11D02B71600CA7894 /* OnTheMap */;
			targetProxy = D841BBB71D02B71600CA7894 /* PBXContainerItemProxy */;
		};
		D841BBC31D02B71600CA7894 /* PBXTargetDependency */ = {
			isa = PBXTargetDependency;
			target = D841BBA11D02B71600CA7894 /* OnTheMap */;
			targetProxy = D841BBC21D02B71600CA7894 /* PBXContainerItemProxy */;
		};
/* End PBXTargetDependency section */

/* Begin PBXVariantGroup section */
		D841BBA91D02B71600CA7894 /* Main.storyboard */ = {
			isa = PBXVariantGroup;
			children = (
				D841BBAA1D02B71600CA7894 /* Base */,
			);
			name = Main.storyboard;
			sourceTree = "<group>";
		};
		D841BBAE1D02B71600CA7894 /* LaunchScreen.storyboard */ = {
			isa = PBXVariantGroup;
			children = (
				D841BBAF1D02B71600CA7894 /* Base */,
			);
			name = LaunchScreen.storyboard;
			sourceTree = "<group>";
		};
/* End PBXVariantGroup section */

/* Begin XCBuildConfiguration section */
		D841BBC81D02B71600CA7894 /* Debug */ = {
			isa = XCBuildConfiguration;
			buildSettings = {
				ALWAYS_SEARCH_USER_PATHS = NO;
				CLANG_ANALYZER_NONNULL = YES;
				CLANG_CXX_LANGUAGE_STANDARD = "gnu++0x";
				CLANG_CXX_LIBRARY = "libc++";
				CLANG_ENABLE_MODULES = YES;
				CLANG_ENABLE_OBJC_ARC = YES;
				CLANG_WARN_BOOL_CONVERSION = YES;
				CLANG_WARN_CONSTANT_CONVERSION = YES;
				CLANG_WARN_DIRECT_OBJC_ISA_USAGE = YES_ERROR;
				CLANG_WARN_EMPTY_BODY = YES;
				CLANG_WARN_ENUM_CONVERSION = YES;
				CLANG_WARN_INT_CONVERSION = YES;
				CLANG_WARN_OBJC_ROOT_CLASS = YES_ERROR;
				CLANG_WARN_UNREACHABLE_CODE = YES;
				CLANG_WARN__DUPLICATE_METHOD_MATCH = YES;
				"CODE_SIGN_IDENTITY[sdk=iphoneos*]" = "iPhone Developer";
				COPY_PHASE_STRIP = NO;
				DEBUG_INFORMATION_FORMAT = dwarf;
				ENABLE_STRICT_OBJC_MSGSEND = YES;
				ENABLE_TESTABILITY = YES;
				GCC_C_LANGUAGE_STANDARD = gnu99;
				GCC_DYNAMIC_NO_PIC = NO;
				GCC_NO_COMMON_BLOCKS = YES;
				GCC_OPTIMIZATION_LEVEL = 0;
				GCC_PREPROCESSOR_DEFINITIONS = (
					"DEBUG=1",
					"$(inherited)",
				);
				GCC_WARN_64_TO_32_BIT_CONVERSION = YES;
				GCC_WARN_ABOUT_RETURN_TYPE = YES_ERROR;
				GCC_WARN_UNDECLARED_SELECTOR = YES;
				GCC_WARN_UNINITIALIZED_AUTOS = YES_AGGRESSIVE;
				GCC_WARN_UNUSED_FUNCTION = YES;
				GCC_WARN_UNUSED_VARIABLE = YES;
				IPHONEOS_DEPLOYMENT_TARGET = 9.3;
				MTL_ENABLE_DEBUG_INFO = YES;
				ONLY_ACTIVE_ARCH = YES;
				SDKROOT = iphoneos;
				SWIFT_OPTIMIZATION_LEVEL = "-Onone";
			};
			name = Debug;
		};
		D841BBC91D02B71600CA7894 /* Release */ = {
			isa = XCBuildConfiguration;
			buildSettings = {
				ALWAYS_SEARCH_USER_PATHS = NO;
				CLANG_ANALYZER_NONNULL = YES;
				CLANG_CXX_LANGUAGE_STANDARD = "gnu++0x";
				CLANG_CXX_LIBRARY = "libc++";
				CLANG_ENABLE_MODULES = YES;
				CLANG_ENABLE_OBJC_ARC = YES;
				CLANG_WARN_BOOL_CONVERSION = YES;
				CLANG_WARN_CONSTANT_CONVERSION = YES;
				CLANG_WARN_DIRECT_OBJC_ISA_USAGE = YES_ERROR;
				CLANG_WARN_EMPTY_BODY = YES;
				CLANG_WARN_ENUM_CONVERSION = YES;
				CLANG_WARN_INT_CONVERSION = YES;
				CLANG_WARN_OBJC_ROOT_CLASS = YES_ERROR;
				CLANG_WARN_UNREACHABLE_CODE = YES;
				CLANG_WARN__DUPLICATE_METHOD_MATCH = YES;
				"CODE_SIGN_IDENTITY[sdk=iphoneos*]" = "iPhone Developer";
				COPY_PHASE_STRIP = NO;
				DEBUG_INFORMATION_FORMAT = "dwarf-with-dsym";
				ENABLE_NS_ASSERTIONS = NO;
				ENABLE_STRICT_OBJC_MSGSEND = YES;
				GCC_C_LANGUAGE_STANDARD = gnu99;
				GCC_NO_COMMON_BLOCKS = YES;
				GCC_WARN_64_TO_32_BIT_CONVERSION = YES;
				GCC_WARN_ABOUT_RETURN_TYPE = YES_ERROR;
				GCC_WARN_UNDECLARED_SELECTOR = YES;
				GCC_WARN_UNINITIALIZED_AUTOS = YES_AGGRESSIVE;
				GCC_WARN_UNUSED_FUNCTION = YES;
				GCC_WARN_UNUSED_VARIABLE = YES;
				IPHONEOS_DEPLOYMENT_TARGET = 9.3;
				MTL_ENABLE_DEBUG_INFO = NO;
				SDKROOT = iphoneos;
				VALIDATE_PRODUCT = YES;
			};
			name = Release;
		};
		D841BBCB1D02B71600CA7894 /* Debug */ = {
			isa = XCBuildConfiguration;
			buildSettings = {
				ASSETCATALOG_COMPILER_APPICON_NAME = AppIcon;
				CODE_SIGN_IDENTITY = "iPhone Developer";
				INFOPLIST_FILE = OnTheMap/Info.plist;
				LD_RUNPATH_SEARCH_PATHS = "$(inherited) @executable_path/Frameworks";
				PRODUCT_BUNDLE_IDENTIFIER = com.touchtapapp.onthemap.OnTheMap;
				PRODUCT_NAME = "$(TARGET_NAME)";
			};
			name = Debug;
		};
		D841BBCC1D02B71600CA7894 /* Release */ = {
			isa = XCBuildConfiguration;
			buildSettings = {
				ASSETCATALOG_COMPILER_APPICON_NAME = AppIcon;
				CODE_SIGN_IDENTITY = "iPhone Developer";
				INFOPLIST_FILE = OnTheMap/Info.plist;
				LD_RUNPATH_SEARCH_PATHS = "$(inherited) @executable_path/Frameworks";
				PRODUCT_BUNDLE_IDENTIFIER = com.touchtapapp.onthemap.OnTheMap;
				PRODUCT_NAME = "$(TARGET_NAME)";
			};
			name = Release;
		};
		D841BBCE1D02B71600CA7894 /* Debug */ = {
			isa = XCBuildConfiguration;
			buildSettings = {
				BUNDLE_LOADER = "$(TEST_HOST)";
				INFOPLIST_FILE = OnTheMapTests/Info.plist;
				LD_RUNPATH_SEARCH_PATHS = "$(inherited) @executable_path/Frameworks @loader_path/Frameworks";
				PRODUCT_BUNDLE_IDENTIFIER = com.touchtapapp.onthemap.OnTheMapTests;
				PRODUCT_NAME = "$(TARGET_NAME)";
				TEST_HOST = "$(BUILT_PRODUCTS_DIR)/OnTheMap.app/OnTheMap";
			};
			name = Debug;
		};
		D841BBCF1D02B71600CA7894 /* Release */ = {
			isa = XCBuildConfiguration;
			buildSettings = {
				BUNDLE_LOADER = "$(TEST_HOST)";
				INFOPLIST_FILE = OnTheMapTests/Info.plist;
				LD_RUNPATH_SEARCH_PATHS = "$(inherited) @executable_path/Frameworks @loader_path/Frameworks";
				PRODUCT_BUNDLE_IDENTIFIER = com.touchtapapp.onthemap.OnTheMapTests;
				PRODUCT_NAME = "$(TARGET_NAME)";
				TEST_HOST = "$(BUILT_PRODUCTS_DIR)/OnTheMap.app/OnTheMap";
			};
			name = Release;
		};
		D841BBD11D02B71600CA7894 /* Debug */ = {
			isa = XCBuildConfiguration;
			buildSettings = {
				INFOPLIST_FILE = OnTheMapUITests/Info.plist;
				LD_RUNPATH_SEARCH_PATHS = "$(inherited) @executable_path/Frameworks @loader_path/Frameworks";
				PRODUCT_BUNDLE_IDENTIFIER = com.touchtapapp.onthemap.OnTheMapUITests;
				PRODUCT_NAME = "$(TARGET_NAME)";
				TEST_TARGET_NAME = OnTheMap;
			};
			name = Debug;
		};
		D841BBD21D02B71600CA7894 /* Release */ = {
			isa = XCBuildConfiguration;
			buildSettings = {
				INFOPLIST_FILE = OnTheMapUITests/Info.plist;
				LD_RUNPATH_SEARCH_PATHS = "$(inherited) @executable_path/Frameworks @loader_path/Frameworks";
				PRODUCT_BUNDLE_IDENTIFIER = com.touchtapapp.onthemap.OnTheMapUITests;
				PRODUCT_NAME = "$(TARGET_NAME)";
				TEST_TARGET_NAME = OnTheMap;
			};
			name = Release;
		};
/* End XCBuildConfiguration section */

/* Begin XCConfigurationList section */
		D841BB9D1D02B71600CA7894 /* Build configuration list for PBXProject "OnTheMap" */ = {
			isa = XCConfigurationList;
			buildConfigurations = (
				D841BBC81D02B71600CA7894 /* Debug */,
				D841BBC91D02B71600CA7894 /* Release */,
			);
			defaultConfigurationIsVisible = 0;
			defaultConfigurationName = Release;
		};
		D841BBCA1D02B71600CA7894 /* Build configuration list for PBXNativeTarget "OnTheMap" */ = {
			isa = XCConfigurationList;
			buildConfigurations = (
				D841BBCB1D02B71600CA7894 /* Debug */,
				D841BBCC1D02B71600CA7894 /* Release */,
			);
			defaultConfigurationIsVisible = 0;
			defaultConfigurationName = Release;
		};
		D841BBCD1D02B71600CA7894 /* Build configuration list for PBXNativeTarget "OnTheMapTests" */ = {
			isa = XCConfigurationList;
			buildConfigurations = (
				D841BBCE1D02B71600CA7894 /* Debug */,
				D841BBCF1D02B71600CA7894 /* Release */,
			);
			defaultConfigurationIsVisible = 0;
			defaultConfigurationName = Release;
		};
		D841BBD01D02B71600CA7894 /* Build configuration list for PBXNativeTarget "OnTheMapUITests" */ = {
			isa = XCConfigurationList;
			buildConfigurations = (
				D841BBD11D02B71600CA7894 /* Debug */,
				D841BBD21D02B71600CA7894 /* Release */,
			);
			defaultConfigurationIsVisible = 0;
			defaultConfigurationName = Release;
		};
/* End XCConfigurationList section */
	};
	rootObject = D841BB9A1D02B71600CA7894 /* Project object */;
}
